
Microsoft Visual Studio Solution File, Format Version 12.00
# Visual Studio Version 16
VisualStudioVersion = 16.0.30204.135
MinimumVisualStudioVersion = 10.0.40219.1
Project("{FAE04EC0-301F-11D3-BF4B-00C04F79EFBC}") = "SortAlgoritms", "SortAlgoritms.csproj", "{1D894B79-EC54-402C-B899-243F4BEE2F74}"
EndProject
Project("{FAE04EC0-301F-11D3-BF4B-00C04F79EFBC}") = "Algorithm", "Algorithm\Algorithm.csproj", "{A80C4B87-7FFC-414C-B036-8F3CE0A1E7E3}"
EndProject
Project("{FAE04EC0-301F-11D3-BF4B-00C04F79EFBC}") = "AlgorithmTests", "AlgorithmTests\AlgorithmTests.csproj", "{B9C63B91-86F9-42B0-95BB-D4987E712427}"
EndProject
Global
	GlobalSection(SolutionConfigurationPlatforms) = preSolution
		Debug|Any CPU = Debug|Any CPU
		Release|Any CPU = Release|Any CPU
	EndGlobalSection
	GlobalSection(ProjectConfigurationPlatforms) = postSolution
		{1D894B79-EC54-402C-B899-243F4BEE2F74}.Debug|Any CPU.ActiveCfg = Debug|Any CPU
		{1D894B79-EC54-402C-B899-243F4BEE2F74}.Debug|Any CPU.Build.0 = Debug|Any CPU
		{1D894B79-EC54-402C-B899-243F4BEE2F74}.Release|Any CPU.ActiveCfg = Release|Any CPU
		{1D894B79-EC54-402C-B899-243F4BEE2F74}.Release|Any CPU.Build.0 = Release|Any CPU
		{A80C4B87-7FFC-414C-B036-8F3CE0A1E7E3}.Debug|Any CPU.ActiveCfg = Debug|Any CPU
		{A80C4B87-7FFC-414C-B036-8F3CE0A1E7E3}.Debug|Any CPU.Build.0 = Debug|Any CPU
		{A80C4B87-7FFC-414C-B036-8F3CE0A1E7E3}.Release|Any CPU.ActiveCfg = Release|Any CPU
		{A80C4B87-7FFC-414C-B036-8F3CE0A1E7E3}.Release|Any CPU.Build.0 = Release|Any CPU
		{B9C63B91-86F9-42B0-95BB-D4987E712427}.Debug|Any CPU.ActiveCfg = Debug|Any CPU
		{B9C63B91-86F9-42B0-95BB-D4987E712427}.Debug|Any CPU.Build.0 = Debug|Any CPU
		{B9C63B91-86F9-42B0-95BB-D4987E712427}.Release|Any CPU.ActiveCfg = Release|Any CPU
		{B9C63B91-86F9-42B0-95BB-D4987E712427}.Release|Any CPU.Build.0 = Release|Any CPU
	EndGlobalSection
	GlobalSection(SolutionProperties) = preSolution
		HideSolutionNode = FALSE
	EndGlobalSection
	GlobalSection(ExtensibilityGlobals) = postSolution
		SolutionGuid = {DB8E3AE8-CD1E-47D8-9884-6F2DE542C79D}
	EndGlobalSection
EndGlobal
